
Microsoft Visual Studio Solution File, Format Version 12.00
# Visual Studio Version 17
VisualStudioVersion = 17.11.35303.130
MinimumVisualStudioVersion = 10.0.40219.1
Project("{2150E333-8FDC-42A3-9474-1A3956D46DE8}") = "Task0", "Task0", "{E446A27B-C13C-4669-8C79-3C9C03753F64}"
EndProject
Project("{FAE04EC0-301F-11D3-BF4B-00C04F79EFBC}") = "Tyuiu.Tyasinia.Sprint0.Task0.v0", "Tyuiu.Tyasinia.Sprint0.Task0.v0\Tyuiu.Tyasinia.Sprint0.Task0.v0.csproj", "{E74DBA8B-4EA7-4D26-9759-153DFB4D6428}"
EndProject
Project("{2150E333-8FDC-42A3-9474-1A3956D46DE8}") = "Task1", "Task1", "{C58F489B-B86C-42EF-9BB8-34D336D17753}"
EndProject
Project("{FAE04EC0-301F-11D3-BF4B-00C04F79EFBC}") = "Tyuiu.Tiasinia.Sprint0.Task1.v0", "Tyuiu.Tiasinia.Sprint0.Task1.v0\Tyuiu.Tiasinia.Sprint0.Task1.v0.csproj", "{034385C7-05AA-4433-ADE8-6F069E294A19}"
EndProject
Project("{2150E333-8FDC-42A3-9474-1A3956D46DE8}") = "Task2", "Task2", "{73330608-DBE5-4D5F-8086-ECB7F0C8D45F}"
EndProject
Project("{9A19103F-16F7-4668-BE54-9A1E7A4F7556}") = "Tyuiu.Tiasinia.Sprint0.Task2.V0", "Tyuiu.Tiasinia.Sprint0.Task2.V01\Tyuiu.Tiasinia.Sprint0.Task2.V0.csproj", "{F1827F83-F781-48F2-9506-E5738905539E}"
EndProject
Project("{9A19103F-16F7-4668-BE54-9A1E7A4F7556}") = "Tyuiu.Tiasinia.Sprint0.Task2.V0.Lib", "Tyuiu.Tiasinia.Sprint0.Task2.V0.Lib1\Tyuiu.Tiasinia.Sprint0.Task2.V0.Lib.csproj", "{EE6A3EDA-00BB-470A-8321-D5D6F09A432C}"
EndProject
Project("{9A19103F-16F7-4668-BE54-9A1E7A4F7556}") = "Tyuiu.Tiasinia.Sprint0.Task2.V0.Test", "Tyuiu.Tiasinia.Sprint0.Task2.V0.Test\Tyuiu.Tiasinia.Sprint0.Task2.V0.Test.csproj", "{58849B81-2A7E-4AA5-9BF4-FC97F4382FC2}"
EndProject
Project("{2150E333-8FDC-42A3-9474-1A3956D46DE8}") = "Task3", "Task3", "{6DDC118F-89B5-4DC8-857C-81DA60A49EBD}"
EndProject
Project("{9A19103F-16F7-4668-BE54-9A1E7A4F7556}") = "Tyuiu.TiasinIA.Sprint0.Task3.V0", "Tyuiu.TiasinIA.Sprint0.Task3.V0\Tyuiu.TiasinIA.Sprint0.Task3.V0.csproj", "{0819EABB-D6EE-4702-B52A-426E00FEB40A}"
EndProject
Project("{9A19103F-16F7-4668-BE54-9A1E7A4F7556}") = "Tyuiu.TiasinIA.Sprint0.Task3.V0.Lib", "Tyuiu.TiasinIA.Sprint0.Task3.V0.Lib\Tyuiu.TiasinIA.Sprint0.Task3.V0.Lib.csproj", "{96BF1FF1-C49B-4BDE-840F-8A0A9244A3B0}"
EndProject
Project("{9A19103F-16F7-4668-BE54-9A1E7A4F7556}") = "Tyuiu.TiasinIA.Sprint0.Task3.V0.Test", "Tyuiu.TiasinIA.Sprint0.Task3.V0.Test\Tyuiu.TiasinIA.Sprint0.Task3.V0.Test.csproj", "{129FF475-A4BA-4C68-8FF6-DC7024B7B863}"
EndProject
Project("{2150E333-8FDC-42A3-9474-1A3956D46DE8}") = "Task4", "Task4", "{D21CBE8B-956A-4747-87AC-A83AD046DDC4}"
EndProject
Project("{9A19103F-16F7-4668-BE54-9A1E7A4F7556}") = "Tyuiu.TiasinIA.Sprint0.Task4.V0", "Tyuiu.TiasinIA.Sprint0.Task4.V0\Tyuiu.TiasinIA.Sprint0.Task4.V0.csproj", "{D43BE8F3-F394-4E45-AC05-5440C36BAC74}"
EndProject
Project("{9A19103F-16F7-4668-BE54-9A1E7A4F7556}") = "Tyuiu.TiasinIA.Sprint0.Task4.V0.lLib", "Tyuiu.TiasinIA.Sprint0.Task4.V0.lLib\Tyuiu.TiasinIA.Sprint0.Task4.V0.lLib.csproj", "{306A9A3F-BD29-498A-8681-AD13FCD5C146}"
EndProject
Project("{9A19103F-16F7-4668-BE54-9A1E7A4F7556}") = "Tyuiu.TiasinIA.Sprint0.Task4.V0.Test", "Tyuiu.TiasinIA.Sprint0.Task4.V0.Test\Tyuiu.TiasinIA.Sprint0.Task4.V0.Test.csproj", "{27ED606E-6887-4360-9B12-64444E10FDE7}"
EndProject
Project("{2150E333-8FDC-42A3-9474-1A3956D46DE8}") = "Task5", "Task5", "{E093263F-F849-4F9A-B4FE-9B57213D052B}"
EndProject
Project("{FAE04EC0-301F-11D3-BF4B-00C04F79EFBC}") = "Tyuiu.TiasinIA.Sprint0.Task5.V0", "Tyuiu.TiasinIA.Sprint0.Task5.V0\Tyuiu.TiasinIA.Sprint0.Task5.V0.csproj", "{40847093-1D02-4B57-BA33-1C66BE2D7C55}"
EndProject
Project("{FAE04EC0-301F-11D3-BF4B-00C04F79EFBC}") = "Tyuiu.TiasinIA.Sprint0.Task5.V0.Lib", "Tyuiu.TiasinIA.Sprint0.Task5.V0.Lib\Tyuiu.TiasinIA.Sprint0.Task5.V0.Lib.csproj", "{01B9A499-6A89-40A2-95E1-FC31876F007A}"
EndProject
Project("{FAE04EC0-301F-11D3-BF4B-00C04F79EFBC}") = "Tyuiu.TiasinIA.Sprint0.Task5.V0.Test", "Tyuiu.TiasinIA.Sprint0.Task5.V0.Test\Tyuiu.TiasinIA.Sprint0.Task5.V0.Test.csproj", "{2B50DB34-A681-404F-A262-9DB94DC20E85}"
EndProject
Global
	GlobalSection(SolutionConfigurationPlatforms) = preSolution
		Debug|Any CPU = Debug|Any CPU
		Release|Any CPU = Release|Any CPU
	EndGlobalSection
	GlobalSection(ProjectConfigurationPlatforms) = postSolution
		{E74DBA8B-4EA7-4D26-9759-153DFB4D6428}.Debug|Any CPU.ActiveCfg = Debug|Any CPU
		{E74DBA8B-4EA7-4D26-9759-153DFB4D6428}.Debug|Any CPU.Build.0 = Debug|Any CPU
		{E74DBA8B-4EA7-4D26-9759-153DFB4D6428}.Release|Any CPU.ActiveCfg = Release|Any CPU
		{E74DBA8B-4EA7-4D26-9759-153DFB4D6428}.Release|Any CPU.Build.0 = Release|Any CPU
		{034385C7-05AA-4433-ADE8-6F069E294A19}.Debug|Any CPU.ActiveCfg = Debug|Any CPU
		{034385C7-05AA-4433-ADE8-6F069E294A19}.Debug|Any CPU.Build.0 = Debug|Any CPU
		{034385C7-05AA-4433-ADE8-6F069E294A19}.Release|Any CPU.ActiveCfg = Release|Any CPU
		{034385C7-05AA-4433-ADE8-6F069E294A19}.Release|Any CPU.Build.0 = Release|Any CPU
		{F1827F83-F781-48F2-9506-E5738905539E}.Debug|Any CPU.ActiveCfg = Debug|Any CPU
		{F1827F83-F781-48F2-9506-E5738905539E}.Debug|Any CPU.Build.0 = Debug|Any CPU
		{F1827F83-F781-48F2-9506-E5738905539E}.Release|Any CPU.ActiveCfg = Release|Any CPU
		{F1827F83-F781-48F2-9506-E5738905539E}.Release|Any CPU.Build.0 = Release|Any CPU
		{EE6A3EDA-00BB-470A-8321-D5D6F09A432C}.Debug|Any CPU.ActiveCfg = Debug|Any CPU
		{EE6A3EDA-00BB-470A-8321-D5D6F09A432C}.Debug|Any CPU.Build.0 = Debug|Any CPU
		{EE6A3EDA-00BB-470A-8321-D5D6F09A432C}.Release|Any CPU.ActiveCfg = Release|Any CPU
		{EE6A3EDA-00BB-470A-8321-D5D6F09A432C}.Release|Any CPU.Build.0 = Release|Any CPU
		{58849B81-2A7E-4AA5-9BF4-FC97F4382FC2}.Debug|Any CPU.ActiveCfg = Debug|Any CPU
		{58849B81-2A7E-4AA5-9BF4-FC97F4382FC2}.Debug|Any CPU.Build.0 = Debug|Any CPU
		{58849B81-2A7E-4AA5-9BF4-FC97F4382FC2}.Release|Any CPU.ActiveCfg = Release|Any CPU
		{58849B81-2A7E-4AA5-9BF4-FC97F4382FC2}.Release|Any CPU.Build.0 = Release|Any CPU
		{0819EABB-D6EE-4702-B52A-426E00FEB40A}.Debug|Any CPU.ActiveCfg = Debug|Any CPU
		{0819EABB-D6EE-4702-B52A-426E00FEB40A}.Debug|Any CPU.Build.0 = Debug|Any CPU
		{0819EABB-D6EE-4702-B52A-426E00FEB40A}.Release|Any CPU.ActiveCfg = Release|Any CPU
		{0819EABB-D6EE-4702-B52A-426E00FEB40A}.Release|Any CPU.Build.0 = Release|Any CPU
		{96BF1FF1-C49B-4BDE-840F-8A0A9244A3B0}.Debug|Any CPU.ActiveCfg = Debug|Any CPU
		{96BF1FF1-C49B-4BDE-840F-8A0A9244A3B0}.Debug|Any CPU.Build.0 = Debug|Any CPU
		{96BF1FF1-C49B-4BDE-840F-8A0A9244A3B0}.Release|Any CPU.ActiveCfg = Release|Any CPU
		{96BF1FF1-C49B-4BDE-840F-8A0A9244A3B0}.Release|Any CPU.Build.0 = Release|Any CPU
		{129FF475-A4BA-4C68-8FF6-DC7024B7B863}.Debug|Any CPU.ActiveCfg = Debug|Any CPU
		{129FF475-A4BA-4C68-8FF6-DC7024B7B863}.Debug|Any CPU.Build.0 = Debug|Any CPU
		{129FF475-A4BA-4C68-8FF6-DC7024B7B863}.Release|Any CPU.ActiveCfg = Release|Any CPU
		{129FF475-A4BA-4C68-8FF6-DC7024B7B863}.Release|Any CPU.Build.0 = Release|Any CPU
		{D43BE8F3-F394-4E45-AC05-5440C36BAC74}.Debug|Any CPU.ActiveCfg = Debug|Any CPU
		{D43BE8F3-F394-4E45-AC05-5440C36BAC74}.Debug|Any CPU.Build.0 = Debug|Any CPU
		{D43BE8F3-F394-4E45-AC05-5440C36BAC74}.Release|Any CPU.ActiveCfg = Release|Any CPU
		{D43BE8F3-F394-4E45-AC05-5440C36BAC74}.Release|Any CPU.Build.0 = Release|Any CPU
		{306A9A3F-BD29-498A-8681-AD13FCD5C146}.Debug|Any CPU.ActiveCfg = Debug|Any CPU
		{306A9A3F-BD29-498A-8681-AD13FCD5C146}.Debug|Any CPU.Build.0 = Debug|Any CPU
		{306A9A3F-BD29-498A-8681-AD13FCD5C146}.Release|Any CPU.ActiveCfg = Release|Any CPU
		{306A9A3F-BD29-498A-8681-AD13FCD5C146}.Release|Any CPU.Build.0 = Release|Any CPU
		{27ED606E-6887-4360-9B12-64444E10FDE7}.Debug|Any CPU.ActiveCfg = Debug|Any CPU
		{27ED606E-6887-4360-9B12-64444E10FDE7}.Debug|Any CPU.Build.0 = Debug|Any CPU
		{27ED606E-6887-4360-9B12-64444E10FDE7}.Release|Any CPU.ActiveCfg = Release|Any CPU
		{27ED606E-6887-4360-9B12-64444E10FDE7}.Release|Any CPU.Build.0 = Release|Any CPU
		{40847093-1D02-4B57-BA33-1C66BE2D7C55}.Debug|Any CPU.ActiveCfg = Debug|Any CPU
		{40847093-1D02-4B57-BA33-1C66BE2D7C55}.Debug|Any CPU.Build.0 = Debug|Any CPU
		{40847093-1D02-4B57-BA33-1C66BE2D7C55}.Release|Any CPU.ActiveCfg = Release|Any CPU
		{40847093-1D02-4B57-BA33-1C66BE2D7C55}.Release|Any CPU.Build.0 = Release|Any CPU
		{01B9A499-6A89-40A2-95E1-FC31876F007A}.Debug|Any CPU.ActiveCfg = Debug|Any CPU
		{01B9A499-6A89-40A2-95E1-FC31876F007A}.Debug|Any CPU.Build.0 = Debug|Any CPU
		{01B9A499-6A89-40A2-95E1-FC31876F007A}.Release|Any CPU.ActiveCfg = Release|Any CPU
		{01B9A499-6A89-40A2-95E1-FC31876F007A}.Release|Any CPU.Build.0 = Release|Any CPU
		{2B50DB34-A681-404F-A262-9DB94DC20E85}.Debug|Any CPU.ActiveCfg = Debug|Any CPU
		{2B50DB34-A681-404F-A262-9DB94DC20E85}.Debug|Any CPU.Build.0 = Debug|Any CPU
		{2B50DB34-A681-404F-A262-9DB94DC20E85}.Release|Any CPU.ActiveCfg = Release|Any CPU
		{2B50DB34-A681-404F-A262-9DB94DC20E85}.Release|Any CPU.Build.0 = Release|Any CPU
	EndGlobalSection
	GlobalSection(SolutionProperties) = preSolution
		HideSolutionNode = FALSE
	EndGlobalSection
	GlobalSection(NestedProjects) = preSolution
		{E74DBA8B-4EA7-4D26-9759-153DFB4D6428} = {E446A27B-C13C-4669-8C79-3C9C03753F64}
		{034385C7-05AA-4433-ADE8-6F069E294A19} = {C58F489B-B86C-42EF-9BB8-34D336D17753}
		{F1827F83-F781-48F2-9506-E5738905539E} = {73330608-DBE5-4D5F-8086-ECB7F0C8D45F}
		{EE6A3EDA-00BB-470A-8321-D5D6F09A432C} = {73330608-DBE5-4D5F-8086-ECB7F0C8D45F}
		{58849B81-2A7E-4AA5-9BF4-FC97F4382FC2} = {73330608-DBE5-4D5F-8086-ECB7F0C8D45F}
		{0819EABB-D6EE-4702-B52A-426E00FEB40A} = {6DDC118F-89B5-4DC8-857C-81DA60A49EBD}
		{96BF1FF1-C49B-4BDE-840F-8A0A9244A3B0} = {6DDC118F-89B5-4DC8-857C-81DA60A49EBD}
		{129FF475-A4BA-4C68-8FF6-DC7024B7B863} = {6DDC118F-89B5-4DC8-857C-81DA60A49EBD}
		{D43BE8F3-F394-4E45-AC05-5440C36BAC74} = {D21CBE8B-956A-4747-87AC-A83AD046DDC4}
		{306A9A3F-BD29-498A-8681-AD13FCD5C146} = {D21CBE8B-956A-4747-87AC-A83AD046DDC4}
		{27ED606E-6887-4360-9B12-64444E10FDE7} = {D21CBE8B-956A-4747-87AC-A83AD046DDC4}
		{40847093-1D02-4B57-BA33-1C66BE2D7C55} = {E093263F-F849-4F9A-B4FE-9B57213D052B}
		{01B9A499-6A89-40A2-95E1-FC31876F007A} = {E093263F-F849-4F9A-B4FE-9B57213D052B}
		{2B50DB34-A681-404F-A262-9DB94DC20E85} = {E093263F-F849-4F9A-B4FE-9B57213D052B}
	EndGlobalSection
	GlobalSection(ExtensibilityGlobals) = postSolution
		SolutionGuid = {90A57350-B176-48B8-807C-AE815DF1B5F8}
	EndGlobalSection
EndGlobal
